
Microsoft Visual Studio Solution File, Format Version 12.00
# Visual Studio Version 16
VisualStudioVersion = 16.0.29306.81
MinimumVisualStudioVersion = 10.0.40219.1
Project("{FAE04EC0-301F-11D3-BF4B-00C04F79EFBC}") = "VirastarE", "VirastarE\VirastarE.csproj", "{FCADD02C-C08B-444B-A65F-9F6CDBABE788}"
EndProject
Project("{FAE04EC0-301F-11D3-BF4B-00C04F79EFBC}") = "Balloon.NET", "Balloon.NET\Balloon.NET.csproj", "{0E6F1B58-B832-4D96-9BE9-A61DDAA18C4C}"
EndProject
Project("{FAE04EC0-301F-11D3-BF4B-00C04F79EFBC}") = "PersianStemmer", "PersianStemmer\PersianStemmer.csproj", "{04C2E7C2-A6A1-47AE-8CD8-D513A26FA7B1}"
EndProject
Project("{FAE04EC0-301F-11D3-BF4B-00C04F79EFBC}") = "BrozoyaEntitys", "BrozoyaEntitys\BrozoyaEntitys.csproj", "{40209D02-3E2D-42D0-BE9A-1EBBF34DDD9A}"
EndProject
Project("{FAE04EC0-301F-11D3-BF4B-00C04F79EFBC}") = "System.Data.SQLite", "System.Data.SQLite\System.Data.SQLite.csproj", "{F1653F20-D47D-4F29-8C55-3C835542AF5F}"
EndProject
Project("{FAE04EC0-301F-11D3-BF4B-00C04F79EFBC}") = "BorzoyaSpell", "BorzoyaSpell\BorzoyaSpell.csproj", "{2403EE11-4702-4FDD-8871-0118065F2F69}"
EndProject
Project("{2150E333-8FDC-42A3-9474-1A3956D46DE8}") = "Summary", "Summary", "{E98DB914-EB1D-43FC-8C5A-4FF5A30F9DFB}"
EndProject
Project("{FAE04EC0-301F-11D3-BF4B-00C04F79EFBC}") = "TextSummarize", "Summary\TextSummarizer\TextSummarize\TextSummarize.csproj", "{94C43C23-7D66-4657-A67F-34335223B190}"
EndProject
Project("{FAE04EC0-301F-11D3-BF4B-00C04F79EFBC}") = "TextRank", "Summary\TextSummarizer\TextRank\TextRank.csproj", "{223D7B57-1366-4CE6-B09B-8973C40D66C3}"
EndProject
Project("{FAE04EC0-301F-11D3-BF4B-00C04F79EFBC}") = "FarsiPOSTagger", "Summary\TextSummarizer\FarsiPOSTagger\FarsiPOSTagger.csproj", "{0A241E72-5071-41D6-9CE0-40929C940E33}"
EndProject
Project("{FAE04EC0-301F-11D3-BF4B-00C04F79EFBC}") = "PageRank", "Summary\TextSummarizer\PageRank\PageRank.csproj", "{309FDCCF-C71C-4580-A6AD-44A692D89E6C}"
EndProject
Project("{FAE04EC0-301F-11D3-BF4B-00C04F79EFBC}") = "SharpEntropy", "Summary\TextSummarizer\SharpEntropy\SharpEntropy.csproj", "{BF0BF8B0-1894-4EDF-BF51-F370B063797E}"
EndProject
Project("{FAE04EC0-301F-11D3-BF4B-00C04F79EFBC}") = "OpenNLP", "Summary\TextSummarizer\OpenNLP\OpenNLP.csproj", "{B70185DF-81FD-4417-914F-7C90E65E7D9F}"
EndProject
Project("{FAE04EC0-301F-11D3-BF4B-00C04F79EFBC}") = "SharpWordNet", "Summary\TextSummarizer\SharpWordNet\SharpWordNet.csproj", "{4C78C577-D001-45EA-9893-F5570BAB16C0}"
EndProject
Project("{2150E333-8FDC-42A3-9474-1A3956D46DE8}") = "Office", "Office", "{FA6030C3-6A7F-4541-B922-9A3C8E5A98B4}"
EndProject
Project("{FAE04EC0-301F-11D3-BF4B-00C04F79EFBC}") = "NetOffice", "Office\NetOffice\NetOffice.csproj", "{65442327-D01F-4ECB-8C39-6D5C7622A80F}"
EndProject
Project("{FAE04EC0-301F-11D3-BF4B-00C04F79EFBC}") = "OfficeApi", "Office\Office\OfficeApi.csproj", "{79B19A83-A79F-446C-9B7E-9B595E918E40}"
EndProject
Project("{FAE04EC0-301F-11D3-BF4B-00C04F79EFBC}") = "VBIDEApi", "Office\VBIDE\VBIDEApi.csproj", "{ACD7DB2E-DDB2-4BBB-BDB9-C2FD953585C4}"
EndProject
Project("{FAE04EC0-301F-11D3-BF4B-00C04F79EFBC}") = "WordApi", "Office\Word\WordApi.csproj", "{5C457066-D488-4BC1-B7F8-1E90F2A80648}"
EndProject
Project("{FAE04EC0-301F-11D3-BF4B-00C04F79EFBC}") = "OutlookApi", "Office\Outlook\OutlookApi.csproj", "{98DE103A-F036-4814-A740-9B4DE13001FF}"
EndProject
Project("{2150E333-8FDC-42A3-9474-1A3956D46DE8}") = "LDA", "LDA", "{0690BB0A-27DA-4DAE-96B4-C1EE48636C37}"
EndProject
Project("{FAE04EC0-301F-11D3-BF4B-00C04F79EFBC}") = "LDA", "LDA\LDA.csproj", "{FE7931ED-CEB5-491A-962B-55FF3C573F81}"
EndProject
Project("{FAE04EC0-301F-11D3-BF4B-00C04F79EFBC}") = "LanguageDetection", "LanguageDetection\LanguageDetection.csproj", "{226CBE35-0B54-4767-979F-9C1AF774B8FC}"
EndProject
Project("{2150E333-8FDC-42A3-9474-1A3956D46DE8}") = "Tests", "Tests", "{317D0651-10DA-401C-90FD-A453C440911A}"
EndProject
Project("{FAE04EC0-301F-11D3-BF4B-00C04F79EFBC}") = "UnitTestProjectVirstarE", "UnitTestProjectVirstarE\UnitTestProjectVirstarE.csproj", "{D8B69296-9313-4C08-B6DA-12D00A273455}"
EndProject
Global
	GlobalSection(SolutionConfigurationPlatforms) = preSolution
		Debug|Any CPU = Debug|Any CPU
		Debug|x64 = Debug|x64
		Debug|x86 = Debug|x86
		Release|Any CPU = Release|Any CPU
		Release|x64 = Release|x64
		Release|x86 = Release|x86
	EndGlobalSection
	GlobalSection(ProjectConfigurationPlatforms) = postSolution
		{FCADD02C-C08B-444B-A65F-9F6CDBABE788}.Debug|Any CPU.ActiveCfg = Debug|Any CPU
		{FCADD02C-C08B-444B-A65F-9F6CDBABE788}.Debug|Any CPU.Build.0 = Debug|Any CPU
		{FCADD02C-C08B-444B-A65F-9F6CDBABE788}.Debug|x64.ActiveCfg = Debug|x64
		{FCADD02C-C08B-444B-A65F-9F6CDBABE788}.Debug|x64.Build.0 = Debug|x64
		{FCADD02C-C08B-444B-A65F-9F6CDBABE788}.Debug|x86.ActiveCfg = Debug|Any CPU
		{FCADD02C-C08B-444B-A65F-9F6CDBABE788}.Debug|x86.Build.0 = Debug|Any CPU
		{FCADD02C-C08B-444B-A65F-9F6CDBABE788}.Release|Any CPU.ActiveCfg = Release|Any CPU
		{FCADD02C-C08B-444B-A65F-9F6CDBABE788}.Release|Any CPU.Build.0 = Release|Any CPU
		{FCADD02C-C08B-444B-A65F-9F6CDBABE788}.Release|x64.ActiveCfg = Release|x64
		{FCADD02C-C08B-444B-A65F-9F6CDBABE788}.Release|x64.Build.0 = Release|x64
		{FCADD02C-C08B-444B-A65F-9F6CDBABE788}.Release|x86.ActiveCfg = Release|Any CPU
		{FCADD02C-C08B-444B-A65F-9F6CDBABE788}.Release|x86.Build.0 = Release|Any CPU
		{0E6F1B58-B832-4D96-9BE9-A61DDAA18C4C}.Debug|Any CPU.ActiveCfg = Debug|Any CPU
		{0E6F1B58-B832-4D96-9BE9-A61DDAA18C4C}.Debug|Any CPU.Build.0 = Debug|Any CPU
		{0E6F1B58-B832-4D96-9BE9-A61DDAA18C4C}.Debug|x64.ActiveCfg = Debug|x64
		{0E6F1B58-B832-4D96-9BE9-A61DDAA18C4C}.Debug|x64.Build.0 = Debug|x64
		{0E6F1B58-B832-4D96-9BE9-A61DDAA18C4C}.Debug|x86.ActiveCfg = Debug|Any CPU
		{0E6F1B58-B832-4D96-9BE9-A61DDAA18C4C}.Debug|x86.Build.0 = Debug|Any CPU
		{0E6F1B58-B832-4D96-9BE9-A61DDAA18C4C}.Release|Any CPU.ActiveCfg = Release|Any CPU
		{0E6F1B58-B832-4D96-9BE9-A61DDAA18C4C}.Release|Any CPU.Build.0 = Release|Any CPU
		{0E6F1B58-B832-4D96-9BE9-A61DDAA18C4C}.Release|x64.ActiveCfg = Release|x64
		{0E6F1B58-B832-4D96-9BE9-A61DDAA18C4C}.Release|x64.Build.0 = Release|x64
		{0E6F1B58-B832-4D96-9BE9-A61DDAA18C4C}.Release|x86.ActiveCfg = Release|Any CPU
		{0E6F1B58-B832-4D96-9BE9-A61DDAA18C4C}.Release|x86.Build.0 = Release|Any CPU
		{04C2E7C2-A6A1-47AE-8CD8-D513A26FA7B1}.Debug|Any CPU.ActiveCfg = Debug|Any CPU
		{04C2E7C2-A6A1-47AE-8CD8-D513A26FA7B1}.Debug|Any CPU.Build.0 = Debug|Any CPU
		{04C2E7C2-A6A1-47AE-8CD8-D513A26FA7B1}.Debug|x64.ActiveCfg = Debug|x64
		{04C2E7C2-A6A1-47AE-8CD8-D513A26FA7B1}.Debug|x64.Build.0 = Debug|x64
		{04C2E7C2-A6A1-47AE-8CD8-D513A26FA7B1}.Debug|x86.ActiveCfg = Debug|Any CPU
		{04C2E7C2-A6A1-47AE-8CD8-D513A26FA7B1}.Debug|x86.Build.0 = Debug|Any CPU
		{04C2E7C2-A6A1-47AE-8CD8-D513A26FA7B1}.Release|Any CPU.ActiveCfg = Release|Any CPU
		{04C2E7C2-A6A1-47AE-8CD8-D513A26FA7B1}.Release|Any CPU.Build.0 = Release|Any CPU
		{04C2E7C2-A6A1-47AE-8CD8-D513A26FA7B1}.Release|x64.ActiveCfg = Release|x64
		{04C2E7C2-A6A1-47AE-8CD8-D513A26FA7B1}.Release|x64.Build.0 = Release|x64
		{04C2E7C2-A6A1-47AE-8CD8-D513A26FA7B1}.Release|x86.ActiveCfg = Release|Any CPU
		{04C2E7C2-A6A1-47AE-8CD8-D513A26FA7B1}.Release|x86.Build.0 = Release|Any CPU
		{40209D02-3E2D-42D0-BE9A-1EBBF34DDD9A}.Debug|Any CPU.ActiveCfg = Debug|Any CPU
		{40209D02-3E2D-42D0-BE9A-1EBBF34DDD9A}.Debug|Any CPU.Build.0 = Debug|Any CPU
		{40209D02-3E2D-42D0-BE9A-1EBBF34DDD9A}.Debug|x64.ActiveCfg = Debug|x64
		{40209D02-3E2D-42D0-BE9A-1EBBF34DDD9A}.Debug|x64.Build.0 = Debug|x64
		{40209D02-3E2D-42D0-BE9A-1EBBF34DDD9A}.Debug|x86.ActiveCfg = Debug|Any CPU
		{40209D02-3E2D-42D0-BE9A-1EBBF34DDD9A}.Debug|x86.Build.0 = Debug|Any CPU
		{40209D02-3E2D-42D0-BE9A-1EBBF34DDD9A}.Release|Any CPU.ActiveCfg = Release|Any CPU
		{40209D02-3E2D-42D0-BE9A-1EBBF34DDD9A}.Release|Any CPU.Build.0 = Release|Any CPU
		{40209D02-3E2D-42D0-BE9A-1EBBF34DDD9A}.Release|x64.ActiveCfg = Release|x64
		{40209D02-3E2D-42D0-BE9A-1EBBF34DDD9A}.Release|x64.Build.0 = Release|x64
		{40209D02-3E2D-42D0-BE9A-1EBBF34DDD9A}.Release|x86.ActiveCfg = Release|Any CPU
		{40209D02-3E2D-42D0-BE9A-1EBBF34DDD9A}.Release|x86.Build.0 = Release|Any CPU
		{F1653F20-D47D-4F29-8C55-3C835542AF5F}.Debug|Any CPU.ActiveCfg = Debug|Any CPU
		{F1653F20-D47D-4F29-8C55-3C835542AF5F}.Debug|Any CPU.Build.0 = Debug|Any CPU
		{F1653F20-D47D-4F29-8C55-3C835542AF5F}.Debug|x64.ActiveCfg = Debug|x64
		{F1653F20-D47D-4F29-8C55-3C835542AF5F}.Debug|x64.Build.0 = Debug|x64
		{F1653F20-D47D-4F29-8C55-3C835542AF5F}.Debug|x86.ActiveCfg = Debug|Any CPU
		{F1653F20-D47D-4F29-8C55-3C835542AF5F}.Debug|x86.Build.0 = Debug|Any CPU
		{F1653F20-D47D-4F29-8C55-3C835542AF5F}.Release|Any CPU.ActiveCfg = Release|Any CPU
		{F1653F20-D47D-4F29-8C55-3C835542AF5F}.Release|Any CPU.Build.0 = Release|Any CPU
		{F1653F20-D47D-4F29-8C55-3C835542AF5F}.Release|x64.ActiveCfg = Release|x64
		{F1653F20-D47D-4F29-8C55-3C835542AF5F}.Release|x64.Build.0 = Release|x64
		{F1653F20-D47D-4F29-8C55-3C835542AF5F}.Release|x86.ActiveCfg = Release|Any CPU
		{F1653F20-D47D-4F29-8C55-3C835542AF5F}.Release|x86.Build.0 = Release|Any CPU
		{2403EE11-4702-4FDD-8871-0118065F2F69}.Debug|Any CPU.ActiveCfg = Debug|Any CPU
		{2403EE11-4702-4FDD-8871-0118065F2F69}.Debug|Any CPU.Build.0 = Debug|Any CPU
		{2403EE11-4702-4FDD-8871-0118065F2F69}.Debug|x64.ActiveCfg = Debug|x64
		{2403EE11-4702-4FDD-8871-0118065F2F69}.Debug|x64.Build.0 = Debug|x64
		{2403EE11-4702-4FDD-8871-0118065F2F69}.Debug|x86.ActiveCfg = Debug|Any CPU
		{2403EE11-4702-4FDD-8871-0118065F2F69}.Debug|x86.Build.0 = Debug|Any CPU
		{2403EE11-4702-4FDD-8871-0118065F2F69}.Release|Any CPU.ActiveCfg = Release|Any CPU
		{2403EE11-4702-4FDD-8871-0118065F2F69}.Release|Any CPU.Build.0 = Release|Any CPU
		{2403EE11-4702-4FDD-8871-0118065F2F69}.Release|x64.ActiveCfg = Release|x64
		{2403EE11-4702-4FDD-8871-0118065F2F69}.Release|x64.Build.0 = Release|x64
		{2403EE11-4702-4FDD-8871-0118065F2F69}.Release|x86.ActiveCfg = Release|Any CPU
		{2403EE11-4702-4FDD-8871-0118065F2F69}.Release|x86.Build.0 = Release|Any CPU
		{94C43C23-7D66-4657-A67F-34335223B190}.Debug|Any CPU.ActiveCfg = Debug|Any CPU
		{94C43C23-7D66-4657-A67F-34335223B190}.Debug|Any CPU.Build.0 = Debug|Any CPU
		{94C43C23-7D66-4657-A67F-34335223B190}.Debug|x64.ActiveCfg = Debug|x64
		{94C43C23-7D66-4657-A67F-34335223B190}.Debug|x64.Build.0 = Debug|x64
		{94C43C23-7D66-4657-A67F-34335223B190}.Debug|x86.ActiveCfg = Debug|Any CPU
		{94C43C23-7D66-4657-A67F-34335223B190}.Debug|x86.Build.0 = Debug|Any CPU
		{94C43C23-7D66-4657-A67F-34335223B190}.Release|Any CPU.ActiveCfg = Release|Any CPU
		{94C43C23-7D66-4657-A67F-34335223B190}.Release|Any CPU.Build.0 = Release|Any CPU
		{94C43C23-7D66-4657-A67F-34335223B190}.Release|x64.ActiveCfg = Release|x64
		{94C43C23-7D66-4657-A67F-34335223B190}.Release|x64.Build.0 = Release|x64
		{94C43C23-7D66-4657-A67F-34335223B190}.Release|x86.ActiveCfg = Release|Any CPU
		{94C43C23-7D66-4657-A67F-34335223B190}.Release|x86.Build.0 = Release|Any CPU
		{223D7B57-1366-4CE6-B09B-8973C40D66C3}.Debug|Any CPU.ActiveCfg = Debug|Any CPU
		{223D7B57-1366-4CE6-B09B-8973C40D66C3}.Debug|Any CPU.Build.0 = Debug|Any CPU
		{223D7B57-1366-4CE6-B09B-8973C40D66C3}.Debug|x64.ActiveCfg = Debug|x64
		{223D7B57-1366-4CE6-B09B-8973C40D66C3}.Debug|x64.Build.0 = Debug|x64
		{223D7B57-1366-4CE6-B09B-8973C40D66C3}.Debug|x86.ActiveCfg = Debug|Any CPU
		{223D7B57-1366-4CE6-B09B-8973C40D66C3}.Debug|x86.Build.0 = Debug|Any CPU
		{223D7B57-1366-4CE6-B09B-8973C40D66C3}.Release|Any CPU.ActiveCfg = Release|Any CPU
		{223D7B57-1366-4CE6-B09B-8973C40D66C3}.Release|Any CPU.Build.0 = Release|Any CPU
		{223D7B57-1366-4CE6-B09B-8973C40D66C3}.Release|x64.ActiveCfg = Release|x64
		{223D7B57-1366-4CE6-B09B-8973C40D66C3}.Release|x64.Build.0 = Release|x64
		{223D7B57-1366-4CE6-B09B-8973C40D66C3}.Release|x86.ActiveCfg = Release|Any CPU
		{223D7B57-1366-4CE6-B09B-8973C40D66C3}.Release|x86.Build.0 = Release|Any CPU
		{0A241E72-5071-41D6-9CE0-40929C940E33}.Debug|Any CPU.ActiveCfg = Debug|Any CPU
		{0A241E72-5071-41D6-9CE0-40929C940E33}.Debug|Any CPU.Build.0 = Debug|Any CPU
		{0A241E72-5071-41D6-9CE0-40929C940E33}.Debug|x64.ActiveCfg = Debug|x64
		{0A241E72-5071-41D6-9CE0-40929C940E33}.Debug|x64.Build.0 = Debug|x64
		{0A241E72-5071-41D6-9CE0-40929C940E33}.Debug|x86.ActiveCfg = Debug|Any CPU
		{0A241E72-5071-41D6-9CE0-40929C940E33}.Debug|x86.Build.0 = Debug|Any CPU
		{0A241E72-5071-41D6-9CE0-40929C940E33}.Release|Any CPU.ActiveCfg = Release|Any CPU
		{0A241E72-5071-41D6-9CE0-40929C940E33}.Release|Any CPU.Build.0 = Release|Any CPU
		{0A241E72-5071-41D6-9CE0-40929C940E33}.Release|x64.ActiveCfg = Release|x64
		{0A241E72-5071-41D6-9CE0-40929C940E33}.Release|x64.Build.0 = Release|x64
		{0A241E72-5071-41D6-9CE0-40929C940E33}.Release|x86.ActiveCfg = Release|Any CPU
		{0A241E72-5071-41D6-9CE0-40929C940E33}.Release|x86.Build.0 = Release|Any CPU
		{309FDCCF-C71C-4580-A6AD-44A692D89E6C}.Debug|Any CPU.ActiveCfg = Debug|Any CPU
		{309FDCCF-C71C-4580-A6AD-44A692D89E6C}.Debug|Any CPU.Build.0 = Debug|Any CPU
		{309FDCCF-C71C-4580-A6AD-44A692D89E6C}.Debug|x64.ActiveCfg = Debug|x64
		{309FDCCF-C71C-4580-A6AD-44A692D89E6C}.Debug|x64.Build.0 = Debug|x64
		{309FDCCF-C71C-4580-A6AD-44A692D89E6C}.Debug|x86.ActiveCfg = Debug|Any CPU
		{309FDCCF-C71C-4580-A6AD-44A692D89E6C}.Debug|x86.Build.0 = Debug|Any CPU
		{309FDCCF-C71C-4580-A6AD-44A692D89E6C}.Release|Any CPU.ActiveCfg = Release|Any CPU
		{309FDCCF-C71C-4580-A6AD-44A692D89E6C}.Release|Any CPU.Build.0 = Release|Any CPU
		{309FDCCF-C71C-4580-A6AD-44A692D89E6C}.Release|x64.ActiveCfg = Release|x64
		{309FDCCF-C71C-4580-A6AD-44A692D89E6C}.Release|x64.Build.0 = Release|x64
		{309FDCCF-C71C-4580-A6AD-44A692D89E6C}.Release|x86.ActiveCfg = Release|Any CPU
		{309FDCCF-C71C-4580-A6AD-44A692D89E6C}.Release|x86.Build.0 = Release|Any CPU
		{BF0BF8B0-1894-4EDF-BF51-F370B063797E}.Debug|Any CPU.ActiveCfg = Debug|Any CPU
		{BF0BF8B0-1894-4EDF-BF51-F370B063797E}.Debug|Any CPU.Build.0 = Debug|Any CPU
		{BF0BF8B0-1894-4EDF-BF51-F370B063797E}.Debug|x64.ActiveCfg = Debug|x64
		{BF0BF8B0-1894-4EDF-BF51-F370B063797E}.Debug|x64.Build.0 = Debug|x64
		{BF0BF8B0-1894-4EDF-BF51-F370B063797E}.Debug|x86.ActiveCfg = Debug|Any CPU
		{BF0BF8B0-1894-4EDF-BF51-F370B063797E}.Debug|x86.Build.0 = Debug|Any CPU
		{BF0BF8B0-1894-4EDF-BF51-F370B063797E}.Release|Any CPU.ActiveCfg = Release|Any CPU
		{BF0BF8B0-1894-4EDF-BF51-F370B063797E}.Release|Any CPU.Build.0 = Release|Any CPU
		{BF0BF8B0-1894-4EDF-BF51-F370B063797E}.Release|x64.ActiveCfg = Release|x64
		{BF0BF8B0-1894-4EDF-BF51-F370B063797E}.Release|x64.Build.0 = Release|x64
		{BF0BF8B0-1894-4EDF-BF51-F370B063797E}.Release|x86.ActiveCfg = Release|Any CPU
		{BF0BF8B0-1894-4EDF-BF51-F370B063797E}.Release|x86.Build.0 = Release|Any CPU
		{B70185DF-81FD-4417-914F-7C90E65E7D9F}.Debug|Any CPU.ActiveCfg = Debug|Any CPU
		{B70185DF-81FD-4417-914F-7C90E65E7D9F}.Debug|Any CPU.Build.0 = Debug|Any CPU
		{B70185DF-81FD-4417-914F-7C90E65E7D9F}.Debug|x64.ActiveCfg = Debug|x64
		{B70185DF-81FD-4417-914F-7C90E65E7D9F}.Debug|x64.Build.0 = Debug|x64
		{B70185DF-81FD-4417-914F-7C90E65E7D9F}.Debug|x86.ActiveCfg = Debug|Any CPU
		{B70185DF-81FD-4417-914F-7C90E65E7D9F}.Debug|x86.Build.0 = Debug|Any CPU
		{B70185DF-81FD-4417-914F-7C90E65E7D9F}.Release|Any CPU.ActiveCfg = Release|Any CPU
		{B70185DF-81FD-4417-914F-7C90E65E7D9F}.Release|Any CPU.Build.0 = Release|Any CPU
		{B70185DF-81FD-4417-914F-7C90E65E7D9F}.Release|x64.ActiveCfg = Release|x64
		{B70185DF-81FD-4417-914F-7C90E65E7D9F}.Release|x64.Build.0 = Release|x64
		{B70185DF-81FD-4417-914F-7C90E65E7D9F}.Release|x86.ActiveCfg = Release|Any CPU
		{B70185DF-81FD-4417-914F-7C90E65E7D9F}.Release|x86.Build.0 = Release|Any CPU
		{4C78C577-D001-45EA-9893-F5570BAB16C0}.Debug|Any CPU.ActiveCfg = Debug|Any CPU
		{4C78C577-D001-45EA-9893-F5570BAB16C0}.Debug|Any CPU.Build.0 = Debug|Any CPU
		{4C78C577-D001-45EA-9893-F5570BAB16C0}.Debug|x64.ActiveCfg = Debug|x64
		{4C78C577-D001-45EA-9893-F5570BAB16C0}.Debug|x64.Build.0 = Debug|x64
		{4C78C577-D001-45EA-9893-F5570BAB16C0}.Debug|x86.ActiveCfg = Debug|Any CPU
		{4C78C577-D001-45EA-9893-F5570BAB16C0}.Debug|x86.Build.0 = Debug|Any CPU
		{4C78C577-D001-45EA-9893-F5570BAB16C0}.Release|Any CPU.ActiveCfg = Release|Any CPU
		{4C78C577-D001-45EA-9893-F5570BAB16C0}.Release|Any CPU.Build.0 = Release|Any CPU
		{4C78C577-D001-45EA-9893-F5570BAB16C0}.Release|x64.ActiveCfg = Release|x64
		{4C78C577-D001-45EA-9893-F5570BAB16C0}.Release|x64.Build.0 = Release|x64
		{4C78C577-D001-45EA-9893-F5570BAB16C0}.Release|x86.ActiveCfg = Release|Any CPU
		{4C78C577-D001-45EA-9893-F5570BAB16C0}.Release|x86.Build.0 = Release|Any CPU
		{65442327-D01F-4ECB-8C39-6D5C7622A80F}.Debug|Any CPU.ActiveCfg = Debug|Any CPU
		{65442327-D01F-4ECB-8C39-6D5C7622A80F}.Debug|Any CPU.Build.0 = Debug|Any CPU
		{65442327-D01F-4ECB-8C39-6D5C7622A80F}.Debug|x64.ActiveCfg = Debug|x64
		{65442327-D01F-4ECB-8C39-6D5C7622A80F}.Debug|x64.Build.0 = Debug|x64
		{65442327-D01F-4ECB-8C39-6D5C7622A80F}.Debug|x86.ActiveCfg = Debug|Any CPU
		{65442327-D01F-4ECB-8C39-6D5C7622A80F}.Debug|x86.Build.0 = Debug|Any CPU
		{65442327-D01F-4ECB-8C39-6D5C7622A80F}.Release|Any CPU.ActiveCfg = Release|Any CPU
		{65442327-D01F-4ECB-8C39-6D5C7622A80F}.Release|Any CPU.Build.0 = Release|Any CPU
		{65442327-D01F-4ECB-8C39-6D5C7622A80F}.Release|x64.ActiveCfg = Release|x64
		{65442327-D01F-4ECB-8C39-6D5C7622A80F}.Release|x64.Build.0 = Release|x64
		{65442327-D01F-4ECB-8C39-6D5C7622A80F}.Release|x86.ActiveCfg = Release|Any CPU
		{65442327-D01F-4ECB-8C39-6D5C7622A80F}.Release|x86.Build.0 = Release|Any CPU
		{79B19A83-A79F-446C-9B7E-9B595E918E40}.Debug|Any CPU.ActiveCfg = Debug|Any CPU
		{79B19A83-A79F-446C-9B7E-9B595E918E40}.Debug|Any CPU.Build.0 = Debug|Any CPU
		{79B19A83-A79F-446C-9B7E-9B595E918E40}.Debug|x64.ActiveCfg = Debug|x64
		{79B19A83-A79F-446C-9B7E-9B595E918E40}.Debug|x64.Build.0 = Debug|x64
		{79B19A83-A79F-446C-9B7E-9B595E918E40}.Debug|x86.ActiveCfg = Debug|Any CPU
		{79B19A83-A79F-446C-9B7E-9B595E918E40}.Debug|x86.Build.0 = Debug|Any CPU
		{79B19A83-A79F-446C-9B7E-9B595E918E40}.Release|Any CPU.ActiveCfg = Release|Any CPU
		{79B19A83-A79F-446C-9B7E-9B595E918E40}.Release|Any CPU.Build.0 = Release|Any CPU
		{79B19A83-A79F-446C-9B7E-9B595E918E40}.Release|x64.ActiveCfg = Release|x64
		{79B19A83-A79F-446C-9B7E-9B595E918E40}.Release|x64.Build.0 = Release|x64
		{79B19A83-A79F-446C-9B7E-9B595E918E40}.Release|x86.ActiveCfg = Release|Any CPU
		{79B19A83-A79F-446C-9B7E-9B595E918E40}.Release|x86.Build.0 = Release|Any CPU
		{ACD7DB2E-DDB2-4BBB-BDB9-C2FD953585C4}.Debug|Any CPU.ActiveCfg = Debug|Any CPU
		{ACD7DB2E-DDB2-4BBB-BDB9-C2FD953585C4}.Debug|Any CPU.Build.0 = Debug|Any CPU
		{ACD7DB2E-DDB2-4BBB-BDB9-C2FD953585C4}.Debug|x64.ActiveCfg = Debug|x64
		{ACD7DB2E-DDB2-4BBB-BDB9-C2FD953585C4}.Debug|x64.Build.0 = Debug|x64
		{ACD7DB2E-DDB2-4BBB-BDB9-C2FD953585C4}.Debug|x86.ActiveCfg = Debug|Any CPU
		{ACD7DB2E-DDB2-4BBB-BDB9-C2FD953585C4}.Debug|x86.Build.0 = Debug|Any CPU
		{ACD7DB2E-DDB2-4BBB-BDB9-C2FD953585C4}.Release|Any CPU.ActiveCfg = Release|Any CPU
		{ACD7DB2E-DDB2-4BBB-BDB9-C2FD953585C4}.Release|Any CPU.Build.0 = Release|Any CPU
		{ACD7DB2E-DDB2-4BBB-BDB9-C2FD953585C4}.Release|x64.ActiveCfg = Release|x64
		{ACD7DB2E-DDB2-4BBB-BDB9-C2FD953585C4}.Release|x64.Build.0 = Release|x64
		{ACD7DB2E-DDB2-4BBB-BDB9-C2FD953585C4}.Release|x86.ActiveCfg = Release|Any CPU
		{ACD7DB2E-DDB2-4BBB-BDB9-C2FD953585C4}.Release|x86.Build.0 = Release|Any CPU
		{5C457066-D488-4BC1-B7F8-1E90F2A80648}.Debug|Any CPU.ActiveCfg = Debug|Any CPU
		{5C457066-D488-4BC1-B7F8-1E90F2A80648}.Debug|Any CPU.Build.0 = Debug|Any CPU
		{5C457066-D488-4BC1-B7F8-1E90F2A80648}.Debug|x64.ActiveCfg = Debug|x64
		{5C457066-D488-4BC1-B7F8-1E90F2A80648}.Debug|x64.Build.0 = Debug|x64
		{5C457066-D488-4BC1-B7F8-1E90F2A80648}.Debug|x86.ActiveCfg = Debug|Any CPU
		{5C457066-D488-4BC1-B7F8-1E90F2A80648}.Debug|x86.Build.0 = Debug|Any CPU
		{5C457066-D488-4BC1-B7F8-1E90F2A80648}.Release|Any CPU.ActiveCfg = Release|Any CPU
		{5C457066-D488-4BC1-B7F8-1E90F2A80648}.Release|Any CPU.Build.0 = Release|Any CPU
		{5C457066-D488-4BC1-B7F8-1E90F2A80648}.Release|x64.ActiveCfg = Release|x64
		{5C457066-D488-4BC1-B7F8-1E90F2A80648}.Release|x64.Build.0 = Release|x64
		{5C457066-D488-4BC1-B7F8-1E90F2A80648}.Release|x86.ActiveCfg = Release|Any CPU
		{5C457066-D488-4BC1-B7F8-1E90F2A80648}.Release|x86.Build.0 = Release|Any CPU
		{98DE103A-F036-4814-A740-9B4DE13001FF}.Debug|Any CPU.ActiveCfg = Debug|Any CPU
		{98DE103A-F036-4814-A740-9B4DE13001FF}.Debug|Any CPU.Build.0 = Debug|Any CPU
		{98DE103A-F036-4814-A740-9B4DE13001FF}.Debug|x64.ActiveCfg = Debug|x64
		{98DE103A-F036-4814-A740-9B4DE13001FF}.Debug|x64.Build.0 = Debug|x64
		{98DE103A-F036-4814-A740-9B4DE13001FF}.Debug|x86.ActiveCfg = Debug|Any CPU
		{98DE103A-F036-4814-A740-9B4DE13001FF}.Debug|x86.Build.0 = Debug|Any CPU
		{98DE103A-F036-4814-A740-9B4DE13001FF}.Release|Any CPU.ActiveCfg = Release|Any CPU
		{98DE103A-F036-4814-A740-9B4DE13001FF}.Release|Any CPU.Build.0 = Release|Any CPU
		{98DE103A-F036-4814-A740-9B4DE13001FF}.Release|x64.ActiveCfg = Release|x64
		{98DE103A-F036-4814-A740-9B4DE13001FF}.Release|x64.Build.0 = Release|x64
		{98DE103A-F036-4814-A740-9B4DE13001FF}.Release|x86.ActiveCfg = Release|Any CPU
		{98DE103A-F036-4814-A740-9B4DE13001FF}.Release|x86.Build.0 = Release|Any CPU
		{FE7931ED-CEB5-491A-962B-55FF3C573F81}.Debug|Any CPU.ActiveCfg = Debug|Any CPU
		{FE7931ED-CEB5-491A-962B-55FF3C573F81}.Debug|Any CPU.Build.0 = Debug|Any CPU
		{FE7931ED-CEB5-491A-962B-55FF3C573F81}.Debug|x64.ActiveCfg = Debug|Any CPU
		{FE7931ED-CEB5-491A-962B-55FF3C573F81}.Debug|x64.Build.0 = Debug|Any CPU
		{FE7931ED-CEB5-491A-962B-55FF3C573F81}.Debug|x86.ActiveCfg = Debug|Any CPU
		{FE7931ED-CEB5-491A-962B-55FF3C573F81}.Debug|x86.Build.0 = Debug|Any CPU
		{FE7931ED-CEB5-491A-962B-55FF3C573F81}.Release|Any CPU.ActiveCfg = Release|Any CPU
		{FE7931ED-CEB5-491A-962B-55FF3C573F81}.Release|Any CPU.Build.0 = Release|Any CPU
		{FE7931ED-CEB5-491A-962B-55FF3C573F81}.Release|x64.ActiveCfg = Release|x64
		{FE7931ED-CEB5-491A-962B-55FF3C573F81}.Release|x64.Build.0 = Release|x64
		{FE7931ED-CEB5-491A-962B-55FF3C573F81}.Release|x86.ActiveCfg = Release|Any CPU
		{FE7931ED-CEB5-491A-962B-55FF3C573F81}.Release|x86.Build.0 = Release|Any CPU
		{226CBE35-0B54-4767-979F-9C1AF774B8FC}.Debug|Any CPU.ActiveCfg = Debug|Any CPU
		{226CBE35-0B54-4767-979F-9C1AF774B8FC}.Debug|Any CPU.Build.0 = Debug|Any CPU
		{226CBE35-0B54-4767-979F-9C1AF774B8FC}.Debug|x64.ActiveCfg = Debug|Any CPU
		{226CBE35-0B54-4767-979F-9C1AF774B8FC}.Debug|x64.Build.0 = Debug|Any CPU
		{226CBE35-0B54-4767-979F-9C1AF774B8FC}.Debug|x86.ActiveCfg = Debug|Any CPU
		{226CBE35-0B54-4767-979F-9C1AF774B8FC}.Debug|x86.Build.0 = Debug|Any CPU
		{226CBE35-0B54-4767-979F-9C1AF774B8FC}.Release|Any CPU.ActiveCfg = Release|Any CPU
		{226CBE35-0B54-4767-979F-9C1AF774B8FC}.Release|Any CPU.Build.0 = Release|Any CPU
		{226CBE35-0B54-4767-979F-9C1AF774B8FC}.Release|x64.ActiveCfg = Release|Any CPU
		{226CBE35-0B54-4767-979F-9C1AF774B8FC}.Release|x64.Build.0 = Release|Any CPU
		{226CBE35-0B54-4767-979F-9C1AF774B8FC}.Release|x86.ActiveCfg = Release|Any CPU
		{226CBE35-0B54-4767-979F-9C1AF774B8FC}.Release|x86.Build.0 = Release|Any CPU
		{D8B69296-9313-4C08-B6DA-12D00A273455}.Debug|Any CPU.ActiveCfg = Debug|Any CPU
		{D8B69296-9313-4C08-B6DA-12D00A273455}.Debug|Any CPU.Build.0 = Debug|Any CPU
		{D8B69296-9313-4C08-B6DA-12D00A273455}.Debug|x64.ActiveCfg = Debug|Any CPU
		{D8B69296-9313-4C08-B6DA-12D00A273455}.Debug|x64.Build.0 = Debug|Any CPU
		{D8B69296-9313-4C08-B6DA-12D00A273455}.Debug|x86.ActiveCfg = Debug|Any CPU
		{D8B69296-9313-4C08-B6DA-12D00A273455}.Debug|x86.Build.0 = Debug|Any CPU
		{D8B69296-9313-4C08-B6DA-12D00A273455}.Release|Any CPU.ActiveCfg = Release|Any CPU
		{D8B69296-9313-4C08-B6DA-12D00A273455}.Release|Any CPU.Build.0 = Release|Any CPU
		{D8B69296-9313-4C08-B6DA-12D00A273455}.Release|x64.ActiveCfg = Release|Any CPU
		{D8B69296-9313-4C08-B6DA-12D00A273455}.Release|x64.Build.0 = Release|Any CPU
		{D8B69296-9313-4C08-B6DA-12D00A273455}.Release|x86.ActiveCfg = Release|Any CPU
		{D8B69296-9313-4C08-B6DA-12D00A273455}.Release|x86.Build.0 = Release|Any CPU
	EndGlobalSection
	GlobalSection(SolutionProperties) = preSolution
		HideSolutionNode = FALSE
	EndGlobalSection
	GlobalSection(NestedProjects) = preSolution
		{94C43C23-7D66-4657-A67F-34335223B190} = {E98DB914-EB1D-43FC-8C5A-4FF5A30F9DFB}
		{223D7B57-1366-4CE6-B09B-8973C40D66C3} = {E98DB914-EB1D-43FC-8C5A-4FF5A30F9DFB}
		{0A241E72-5071-41D6-9CE0-40929C940E33} = {E98DB914-EB1D-43FC-8C5A-4FF5A30F9DFB}
		{309FDCCF-C71C-4580-A6AD-44A692D89E6C} = {E98DB914-EB1D-43FC-8C5A-4FF5A30F9DFB}
		{BF0BF8B0-1894-4EDF-BF51-F370B063797E} = {E98DB914-EB1D-43FC-8C5A-4FF5A30F9DFB}
		{B70185DF-81FD-4417-914F-7C90E65E7D9F} = {E98DB914-EB1D-43FC-8C5A-4FF5A30F9DFB}
		{4C78C577-D001-45EA-9893-F5570BAB16C0} = {E98DB914-EB1D-43FC-8C5A-4FF5A30F9DFB}
		{65442327-D01F-4ECB-8C39-6D5C7622A80F} = {FA6030C3-6A7F-4541-B922-9A3C8E5A98B4}
		{79B19A83-A79F-446C-9B7E-9B595E918E40} = {FA6030C3-6A7F-4541-B922-9A3C8E5A98B4}
		{ACD7DB2E-DDB2-4BBB-BDB9-C2FD953585C4} = {FA6030C3-6A7F-4541-B922-9A3C8E5A98B4}
		{5C457066-D488-4BC1-B7F8-1E90F2A80648} = {FA6030C3-6A7F-4541-B922-9A3C8E5A98B4}
		{98DE103A-F036-4814-A740-9B4DE13001FF} = {FA6030C3-6A7F-4541-B922-9A3C8E5A98B4}
		{FE7931ED-CEB5-491A-962B-55FF3C573F81} = {0690BB0A-27DA-4DAE-96B4-C1EE48636C37}
		{226CBE35-0B54-4767-979F-9C1AF774B8FC} = {E98DB914-EB1D-43FC-8C5A-4FF5A30F9DFB}
		{D8B69296-9313-4C08-B6DA-12D00A273455} = {317D0651-10DA-401C-90FD-A453C440911A}
	EndGlobalSection
	GlobalSection(ExtensibilityGlobals) = postSolution
		SolutionGuid = {897A381A-5C5B-47A8-B9B2-77ABEDC66429}
	EndGlobalSection
EndGlobal
